
Microsoft Visual Studio Solution File, Format Version 12.00
# Visual Studio Version 16
VisualStudioVersion = 16.0.32126.315
MinimumVisualStudioVersion = 10.0.40219.1
Project("{9A19103F-16F7-4668-BE54-9A1E7A4F7556}") = "Proiect-IA-Program", "Proiect-IA-Program.csproj", "{2F00FEFB-087B-4681-8A3E-2F12A16263C3}"
EndProject
Project("{FAE04EC0-301F-11D3-BF4B-00C04F79EFBC}") = "Proiect-IA-ProgramTests", "..\Proiect-IA-ProgramTests\Proiect-IA-ProgramTests.csproj", "{BD2FB68E-724E-4100-842E-EFA24AF72D01}"
EndProject
Global
	GlobalSection(SolutionConfigurationPlatforms) = preSolution
		Debug|Any CPU = Debug|Any CPU
		Release|Any CPU = Release|Any CPU
	EndGlobalSection
	GlobalSection(ProjectConfigurationPlatforms) = postSolution
		{2F00FEFB-087B-4681-8A3E-2F12A16263C3}.Debug|Any CPU.ActiveCfg = Debug|Any CPU
		{2F00FEFB-087B-4681-8A3E-2F12A16263C3}.Debug|Any CPU.Build.0 = Debug|Any CPU
		{2F00FEFB-087B-4681-8A3E-2F12A16263C3}.Release|Any CPU.ActiveCfg = Release|Any CPU
		{2F00FEFB-087B-4681-8A3E-2F12A16263C3}.Release|Any CPU.Build.0 = Release|Any CPU
		{BD2FB68E-724E-4100-842E-EFA24AF72D01}.Debug|Any CPU.ActiveCfg = Debug|Any CPU
		{BD2FB68E-724E-4100-842E-EFA24AF72D01}.Debug|Any CPU.Build.0 = Debug|Any CPU
		{BD2FB68E-724E-4100-842E-EFA24AF72D01}.Release|Any CPU.ActiveCfg = Release|Any CPU
		{BD2FB68E-724E-4100-842E-EFA24AF72D01}.Release|Any CPU.Build.0 = Release|Any CPU
	EndGlobalSection
	GlobalSection(SolutionProperties) = preSolution
		HideSolutionNode = FALSE
	EndGlobalSection
	GlobalSection(ExtensibilityGlobals) = postSolution
		SolutionGuid = {09763E71-A9BA-4ACC-9A40-DA5023702C7B}
	EndGlobalSection
EndGlobal
